Microsoft Visual Studio Solution File, Format Version 12.00
# Visual Studio Version 17
VisualStudioVersion = 17.5.2.0
MinimumVisualStudioVersion = 10.0.40219.1
Project("{FAE04EC0-301F-11D3-BF4B-00C04F79EFBC}") = "programa3", "programa3.csproj", "{024E4EDE-9C9C-92FD-C230-B0123B17C36D}"
EndProject
Global
	GlobalSection(SolutionConfigurationPlatforms) = preSolution
		Debug|Any CPU = Debug|Any CPU
		Release|Any CPU = Release|Any CPU
	EndGlobalSection
	GlobalSection(ProjectConfigurationPlatforms) = postSolution
		{024E4EDE-9C9C-92FD-C230-B0123B17C36D}.Debug|Any CPU.ActiveCfg = Debug|Any CPU
		{024E4EDE-9C9C-92FD-C230-B0123B17C36D}.Debug|Any CPU.Build.0 = Debug|Any CPU
		{024E4EDE-9C9C-92FD-C230-B0123B17C36D}.Release|Any CPU.ActiveCfg = Release|Any CPU
		{024E4EDE-9C9C-92FD-C230-B0123B17C36D}.Release|Any CPU.Build.0 = Release|Any CPU
	EndGlobalSection
	GlobalSection(SolutionProperties) = preSolution
		HideSolutionNode = FALSE
	EndGlobalSection
	GlobalSection(ExtensibilityGlobals) = postSolution
		SolutionGuid = {910850AC-4E01-419D-9067-F11BA2336AEF}
	EndGlobalSection
EndGlobal
